// !$*UTF8*$!
{
	archiveVersion = 1;
	classes = {
	};
	objectVersion = 50;
	objects = {

/* Begin PBXBuildFile section */
		50AF891725E6098B00D68459 /* AppDelegate.swift in Sources */ = {isa = PBXBuildFile; fileRef = 50AF891625E6098B00D68459 /* AppDelegate.swift */; };
		50AF891925E6098B00D68459 /* SceneDelegate.swift in Sources */ = {isa = PBXBuildFile; fileRef = 50AF891825E6098B00D68459 /* SceneDelegate.swift */; };
		50AF891B25E6098B00D68459 /* ViewController.swift in Sources */ = {isa = PBXBuildFile; fileRef = 50AF891A25E6098B00D68459 /* ViewController.swift */; };
		50AF891E25E6098B00D68459 /* Main.storyboard in Resources */ = {isa = PBXBuildFile; fileRef = 50AF891C25E6098B00D68459 /* Main.storyboard */; };
		50AF892025E6099500D68459 /* Assets.xcassets in Resources */ = {isa = PBXBuildFile; fileRef = 50AF891F25E6099500D68459 /* Assets.xcassets */; };
		50AF892325E6099500D68459 /* LaunchScreen.storyboard in Resources */ = {isa = PBXBuildFile; fileRef = 50AF892125E6099500D68459 /* LaunchScreen.storyboard */; };
		50AF892D25E60CD000D68459 /* ProductViewController.swift in Sources */ = {isa = PBXBuildFile; fileRef = 50AF892C25E60CD000D68459 /* ProductViewController.swift */; };
		50AF893125E60CE400D68459 /* CartViewController.swift in Sources */ = {isa = PBXBuildFile; fileRef = 50AF893025E60CE400D68459 /* CartViewController.swift */; };
		50AF893925E60D9C00D68459 /* CatalogueCollectionViewCell.swift in Sources */ = {isa = PBXBuildFile; fileRef = 50AF893725E60D9C00D68459 /* CatalogueCollectionViewCell.swift */; };
		50AF893A25E60D9C00D68459 /* CatalogueCollectionViewCell.xib in Resources */ = {isa = PBXBuildFile; fileRef = 50AF893825E60D9C00D68459 /* CatalogueCollectionViewCell.xib */; };
		50AF893F25E60DE200D68459 /* CatalogueViewController.swift in Sources */ = {isa = PBXBuildFile; fileRef = 50AF893E25E60DE200D68459 /* CatalogueViewController.swift */; };
		50AF894325E60E2300D68459 /* CartTableViewCell.swift in Sources */ = {isa = PBXBuildFile; fileRef = 50AF894125E60E2300D68459 /* CartTableViewCell.swift */; };
		50AF894425E60E2300D68459 /* CartTableViewCell.xib in Resources */ = {isa = PBXBuildFile; fileRef = 50AF894225E60E2300D68459 /* CartTableViewCell.xib */; };
		50AF894725E60E5C00D68459 /* ProfileViewController.swift in Sources */ = {isa = PBXBuildFile; fileRef = 50AF894625E60E5C00D68459 /* ProfileViewController.swift */; };
		50AF894B25E6162800D68459 /* HistoryTableViewCell.swift in Sources */ = {isa = PBXBuildFile; fileRef = 50AF894925E6162800D68459 /* HistoryTableViewCell.swift */; };
		50AF894C25E6162800D68459 /* HistoryTableViewCell.xib in Resources */ = {isa = PBXBuildFile; fileRef = 50AF894A25E6162800D68459 /* HistoryTableViewCell.xib */; };
		50AF894F25E6180800D68459 /* HistoryViewController.swift in Sources */ = {isa = PBXBuildFile; fileRef = 50AF894E25E6180800D68459 /* HistoryViewController.swift */; };
		9523D65725E6B2860043E577 /* Product.swift in Sources */ = {isa = PBXBuildFile; fileRef = 9523D65625E6B2860043E577 /* Product.swift */; };
		EC223CE525E7F1F700CE729B /* .gitignore in Resources */ = {isa = PBXBuildFile; fileRef = EC223CE425E7F1F700CE729B /* .gitignore */; };
/* End PBXBuildFile section */

/* Begin PBXFileReference section */
		50AF891325E6098B00D68459 /* Final.app */ = {isa = PBXFileReference; explicitFileType = wrapper.application; includeInIndex = 0; path = Final.app; sourceTree = BUILT_PRODUCTS_DIR; };
		50AF891625E6098B00D68459 /* AppDelegate.swift */ = {isa = PBXFileReference; lastKnownFileType = sourcecode.swift; path = AppDelegate.swift; sourceTree = "<group>"; };
		50AF891825E6098B00D68459 /* SceneDelegate.swift */ = {isa = PBXFileReference; lastKnownFileType = sourcecode.swift; path = SceneDelegate.swift; sourceTree = "<group>"; };
		50AF891A25E6098B00D68459 /* ViewController.swift */ = {isa = PBXFileReference; lastKnownFileType = sourcecode.swift; path = ViewController.swift; sourceTree = "<group>"; };
		50AF891D25E6098B00D68459 /* Base */ = {isa = PBXFileReference; lastKnownFileType = file.storyboard; name = Base; path = Base.lproj/Main.storyboard; sourceTree = "<group>"; };
		50AF891F25E6099500D68459 /* Assets.xcassets */ = {isa = PBXFileReference; lastKnownFileType = folder.assetcatalog; path = Assets.xcassets; sourceTree = "<group>"; };
		50AF892225E6099500D68459 /* Base */ = {isa = PBXFileReference; lastKnownFileType = file.storyboard; name = Base; path = Base.lproj/LaunchScreen.storyboard; sourceTree = "<group>"; };
		50AF892425E6099500D68459 /* Info.plist */ = {isa = PBXFileReference; lastKnownFileType = text.plist.xml; path = Info.plist; sourceTree = "<group>"; };
		50AF892C25E60CD000D68459 /* ProductViewController.swift */ = {isa = PBXFileReference; lastKnownFileType = sourcecode.swift; path = ProductViewController.swift; sourceTree = "<group>"; };
		50AF893025E60CE400D68459 /* CartViewController.swift */ = {isa = PBXFileReference; lastKnownFileType = sourcecode.swift; path = CartViewController.swift; sourceTree = "<group>"; };
		50AF893725E60D9C00D68459 /* CatalogueCollectionViewCell.swift */ = {isa = PBXFileReference; lastKnownFileType = sourcecode.swift; path = CatalogueCollectionViewCell.swift; sourceTree = "<group>"; };
		50AF893825E60D9C00D68459 /* CatalogueCollectionViewCell.xib */ = {isa = PBXFileReference; lastKnownFileType = file.xib; path = CatalogueCollectionViewCell.xib; sourceTree = "<group>"; };
		50AF893E25E60DE200D68459 /* CatalogueViewController.swift */ = {isa = PBXFileReference; lastKnownFileType = sourcecode.swift; path = CatalogueViewController.swift; sourceTree = "<group>"; };
		50AF894125E60E2300D68459 /* CartTableViewCell.swift */ = {isa = PBXFileReference; lastKnownFileType = sourcecode.swift; path = CartTableViewCell.swift; sourceTree = "<group>"; };
		50AF894225E60E2300D68459 /* CartTableViewCell.xib */ = {isa = PBXFileReference; lastKnownFileType = file.xib; path = CartTableViewCell.xib; sourceTree = "<group>"; };
		50AF894625E60E5C00D68459 /* ProfileViewController.swift */ = {isa = PBXFileReference; lastKnownFileType = sourcecode.swift; path = ProfileViewController.swift; sourceTree = "<group>"; };
		50AF894925E6162800D68459 /* HistoryTableViewCell.swift */ = {isa = PBXFileReference; lastKnownFileType = sourcecode.swift; path = HistoryTableViewCell.swift; sourceTree = "<group>"; };
		50AF894A25E6162800D68459 /* HistoryTableViewCell.xib */ = {isa = PBXFileReference; lastKnownFileType = file.xib; path = HistoryTableViewCell.xib; sourceTree = "<group>"; };
		50AF894E25E6180800D68459 /* HistoryViewController.swift */ = {isa = PBXFileReference; lastKnownFileType = sourcecode.swift; path = HistoryViewController.swift; sourceTree = "<group>"; };
		9523D65625E6B2860043E577 /* Product.swift */ = {isa = PBXFileReference; lastKnownFileType = sourcecode.swift; path = Product.swift; sourceTree = "<group>"; };
		EC223CE425E7F1F700CE729B /* .gitignore */ = {isa = PBXFileReference; lastKnownFileType = text; path = .gitignore; sourceTree = "<group>"; };
/* End PBXFileReference section */

/* Begin PBXFrameworksBuildPhase section */
		50AF891025E6098B00D68459 /* Frameworks */ = {
			isa = PBXFrameworksBuildPhase;
			buildActionMask = 2147483647;
			files = (
			);
			runOnlyForDeploymentPostprocessing = 0;
		};
/* End PBXFrameworksBuildPhase section */

/* Begin PBXGroup section */
		50AF890A25E6098B00D68459 = {
			isa = PBXGroup;
			children = (
				EC223CE425E7F1F700CE729B /* .gitignore */,
				50AF891525E6098B00D68459 /* Final */,
				50AF891425E6098B00D68459 /* Products */,
			);
			sourceTree = "<group>";
		};
		50AF891425E6098B00D68459 /* Products */ = {
			isa = PBXGroup;
			children = (
				50AF891325E6098B00D68459 /* Final.app */,
			);
			name = Products;
			sourceTree = "<group>";
		};
		50AF891525E6098B00D68459 /* Final */ = {
			isa = PBXGroup;
			children = (
				9523D65525E6B2750043E577 /* models */,
				50AF893625E60D3F00D68459 /* cell */,
				50AF892B25E60CA000D68459 /* controllers */,
				50AF891625E6098B00D68459 /* AppDelegate.swift */,
				50AF891825E6098B00D68459 /* SceneDelegate.swift */,
				50AF891C25E6098B00D68459 /* Main.storyboard */,
				50AF891F25E6099500D68459 /* Assets.xcassets */,
				50AF892125E6099500D68459 /* LaunchScreen.storyboard */,
				50AF892425E6099500D68459 /* Info.plist */,
			);
			path = Final;
			sourceTree = "<group>";
		};
		50AF892B25E60CA000D68459 /* controllers */ = {
			isa = PBXGroup;
			children = (
				50AF891A25E6098B00D68459 /* ViewController.swift */,
				50AF892C25E60CD000D68459 /* ProductViewController.swift */,
				50AF893025E60CE400D68459 /* CartViewController.swift */,
				50AF893E25E60DE200D68459 /* CatalogueViewController.swift */,
				50AF894625E60E5C00D68459 /* ProfileViewController.swift */,
				50AF894E25E6180800D68459 /* HistoryViewController.swift */,
			);
			path = controllers;
			sourceTree = "<group>";
		};
		50AF893625E60D3F00D68459 /* cell */ = {
			isa = PBXGroup;
			children = (
				50AF893725E60D9C00D68459 /* CatalogueCollectionViewCell.swift */,
				50AF893825E60D9C00D68459 /* CatalogueCollectionViewCell.xib */,
				50AF894125E60E2300D68459 /* CartTableViewCell.swift */,
				50AF894225E60E2300D68459 /* CartTableViewCell.xib */,
				50AF894925E6162800D68459 /* HistoryTableViewCell.swift */,
				50AF894A25E6162800D68459 /* HistoryTableViewCell.xib */,
			);
			path = cell;
			sourceTree = "<group>";
		};
		9523D65525E6B2750043E577 /* models */ = {
			isa = PBXGroup;
			children = (
				9523D65625E6B2860043E577 /* Product.swift */,
			);
			path = models;
			sourceTree = "<group>";
		};
/* End PBXGroup section */

/* Begin PBXNativeTarget section */
		50AF891225E6098B00D68459 /* Final */ = {
			isa = PBXNativeTarget;
			buildConfigurationList = 50AF892725E6099500D68459 /* Build configuration list for PBXNativeTarget "Final" */;
			buildPhases = (
				50AF890F25E6098B00D68459 /* Sources */,
				50AF891025E6098B00D68459 /* Frameworks */,
				50AF891125E6098B00D68459 /* Resources */,
			);
			buildRules = (
			);
			dependencies = (
			);
			name = Final;
			productName = Final;
			productReference = 50AF891325E6098B00D68459 /* Final.app */;
			productType = "com.apple.product-type.application";
		};
/* End PBXNativeTarget section */

/* Begin PBXProject section */
		50AF890B25E6098B00D68459 /* Project object */ = {
			isa = PBXProject;
			attributes = {
				LastSwiftUpdateCheck = 1220;
				LastUpgradeCheck = 1220;
				TargetAttributes = {
					50AF891225E6098B00D68459 = {
						CreatedOnToolsVersion = 12.2;
					};
				};
			};
			buildConfigurationList = 50AF890E25E6098B00D68459 /* Build configuration list for PBXProject "Final" */;
			compatibilityVersion = "Xcode 9.3";
			developmentRegion = en;
			hasScannedForEncodings = 0;
			knownRegions = (
				en,
				Base,
			);
			mainGroup = 50AF890A25E6098B00D68459;
			productRefGroup = 50AF891425E6098B00D68459 /* Products */;
			projectDirPath = "";
			projectRoot = "";
			targets = (
				50AF891225E6098B00D68459 /* Final */,
			);
		};
/* End PBXProject section */

/* Begin PBXResourcesBuildPhase section */
		50AF891125E6098B00D68459 /* Resources */ = {
			isa = PBXResourcesBuildPhase;
			buildActionMask = 2147483647;
			files = (
				50AF894425E60E2300D68459 /* CartTableViewCell.xib in Resources */,
				EC223CE525E7F1F700CE729B /* .gitignore in Resources */,
				50AF893A25E60D9C00D68459 /* CatalogueCollectionViewCell.xib in Resources */,
				50AF892325E6099500D68459 /* LaunchScreen.storyboard in Resources */,
				50AF892025E6099500D68459 /* Assets.xcassets in Resources */,
				50AF894C25E6162800D68459 /* HistoryTableViewCell.xib in Resources */,
				50AF891E25E6098B00D68459 /* Main.storyboard in Resources */,
			);
			runOnlyForDeploymentPostprocessing = 0;
		};
/* End PBXResourcesBuildPhase section */

/* Begin PBXSourcesBuildPhase section */
		50AF890F25E6098B00D68459 /* Sources */ = {
			isa = PBXSourcesBuildPhase;
			buildActionMask = 2147483647;
			files = (
				50AF891B25E6098B00D68459 /* ViewController.swift in Sources */,
				50AF891725E6098B00D68459 /* AppDelegate.swift in Sources */,
				50AF893125E60CE400D68459 /* CartViewController.swift in Sources */,
				50AF892D25E60CD000D68459 /* ProductViewController.swift in Sources */,
				50AF894B25E6162800D68459 /* HistoryTableViewCell.swift in Sources */,
				9523D65725E6B2860043E577 /* Product.swift in Sources */,
				50AF894F25E6180800D68459 /* HistoryViewController.swift in Sources */,
				50AF891925E6098B00D68459 /* SceneDelegate.swift in Sources */,
				50AF893F25E60DE200D68459 /* CatalogueViewController.swift in Sources */,
				50AF894725E60E5C00D68459 /* ProfileViewController.swift in Sources */,
				50AF893925E60D9C00D68459 /* CatalogueCollectionViewCell.swift in Sources */,
				50AF894325E60E2300D68459 /* CartTableViewCell.swift in Sources */,
			);
			runOnlyForDeploymentPostprocessing = 0;
		};
/* End PBXSourcesBuildPhase section */

/* Begin PBXVariantGroup section */
		50AF891C25E6098B00D68459 /* Main.storyboard */ = {
			isa = PBXVariantGroup;
			children = (
				50AF891D25E6098B00D68459 /* Base */,
			);
			name = Main.storyboard;
			sourceTree = "<group>";
		};
		50AF892125E6099500D68459 /* LaunchScreen.storyboard */ = {
			isa = PBXVariantGroup;
			children = (
				50AF892225E6099500D68459 /* Base */,
			);
			name = LaunchScreen.storyboard;
			sourceTree = "<group>";
		};
/* End PBXVariantGroup section */

/* Begin XCBuildConfiguration section */
		50AF892525E6099500D68459 /* Debug */ = {
			isa = XCBuildConfiguration;
			buildSettings = {
				ALWAYS_SEARCH_USER_PATHS = NO;
				CLANG_ANALYZER_NONNULL = YES;
				CLANG_ANALYZER_NUMBER_OBJECT_CONVERSION = YES_AGGRESSIVE;
				CLANG_CXX_LANGUAGE_STANDARD = "gnu++14";
				CLANG_CXX_LIBRARY = "libc++";
				CLANG_ENABLE_MODULES = YES;
				CLANG_ENABLE_OBJC_ARC = YES;
				CLANG_ENABLE_OBJC_WEAK = YES;
				CLANG_WARN_BLOCK_CAPTURE_AUTORELEASING = YES;
				CLANG_WARN_BOOL_CONVERSION = YES;
				CLANG_WARN_COMMA = YES;
				CLANG_WARN_CONSTANT_CONVERSION = YES;
				CLANG_WARN_DEPRECATED_OBJC_IMPLEMENTATIONS = YES;
				CLANG_WARN_DIRECT_OBJC_ISA_USAGE = YES_ERROR;
				CLANG_WARN_DOCUMENTATION_COMMENTS = YES;
				CLANG_WARN_EMPTY_BODY = YES;
				CLANG_WARN_ENUM_CONVERSION = YES;
				CLANG_WARN_INFINITE_RECURSION = YES;
				CLANG_WARN_INT_CONVERSION = YES;
				CLANG_WARN_NON_LITERAL_NULL_CONVERSION = YES;
				CLANG_WARN_OBJC_IMPLICIT_RETAIN_SELF = YES;
				CLANG_WARN_OBJC_LITERAL_CONVERSION = YES;
				CLANG_WARN_OBJC_ROOT_CLASS = YES_ERROR;
				CLANG_WARN_QUOTED_INCLUDE_IN_FRAMEWORK_HEADER = YES;
				CLANG_WARN_RANGE_LOOP_ANALYSIS = YES;
				CLANG_WARN_STRICT_PROTOTYPES = YES;
				CLANG_WARN_SUSPICIOUS_MOVE = YES;
				CLANG_WARN_UNGUARDED_AVAILABILITY = YES_AGGRESSIVE;
				CLANG_WARN_UNREACHABLE_CODE = YES;
				CLANG_WARN__DUPLICATE_METHOD_MATCH = YES;
				COPY_PHASE_STRIP = NO;
				DEBUG_INFORMATION_FORMAT = dwarf;
				ENABLE_STRICT_OBJC_MSGSEND = YES;
				ENABLE_TESTABILITY = YES;
				GCC_C_LANGUAGE_STANDARD = gnu11;
				GCC_DYNAMIC_NO_PIC = NO;
				GCC_NO_COMMON_BLOCKS = YES;
				GCC_OPTIMIZATION_LEVEL = 0;
				GCC_PREPROCESSOR_DEFINITIONS = (
					"DEBUG=1",
					"$(inherited)",
				);
				GCC_WARN_64_TO_32_BIT_CONVERSION = YES;
				GCC_WARN_ABOUT_RETURN_TYPE = YES_ERROR;
				GCC_WARN_UNDECLARED_SELECTOR = YES;
				GCC_WARN_UNINITIALIZED_AUTOS = YES_AGGRESSIVE;
				GCC_WARN_UNUSED_FUNCTION = YES;
				GCC_WARN_UNUSED_VARIABLE = YES;
				IPHONEOS_DEPLOYMENT_TARGET = 14.2;
				MTL_ENABLE_DEBUG_INFO = INCLUDE_SOURCE;
				MTL_FAST_MATH = YES;
				ONLY_ACTIVE_ARCH = YES;
				SDKROOT = iphoneos;
				SWIFT_ACTIVE_COMPILATION_CONDITIONS = DEBUG;
				SWIFT_OPTIMIZATION_LEVEL = "-Onone";
			};
			name = Debug;
		};
		50AF892625E6099500D68459 /* Release */ = {
			isa = XCBuildConfiguration;
			buildSettings = {
				ALWAYS_SEARCH_USER_PATHS = NO;
				CLANG_ANALYZER_NONNULL = YES;
				CLANG_ANALYZER_NUMBER_OBJECT_CONVERSION = YES_AGGRESSIVE;
				CLANG_CXX_LANGUAGE_STANDARD = "gnu++14";
				CLANG_CXX_LIBRARY = "libc++";
				CLANG_ENABLE_MODULES = YES;
				CLANG_ENABLE_OBJC_ARC = YES;
				CLANG_ENABLE_OBJC_WEAK = YES;
				CLANG_WARN_BLOCK_CAPTURE_AUTORELEASING = YES;
				CLANG_WARN_BOOL_CONVERSION = YES;
				CLANG_WARN_COMMA = YES;
				CLANG_WARN_CONSTANT_CONVERSION = YES;
				CLANG_WARN_DEPRECATED_OBJC_IMPLEMENTATIONS = YES;
				CLANG_WARN_DIRECT_OBJC_ISA_USAGE = YES_ERROR;
				CLANG_WARN_DOCUMENTATION_COMMENTS = YES;
				CLANG_WARN_EMPTY_BODY = YES;
				CLANG_WARN_ENUM_CONVERSION = YES;
				CLANG_WARN_INFINITE_RECURSION = YES;
				CLANG_WARN_INT_CONVERSION = YES;
				CLANG_WARN_NON_LITERAL_NULL_CONVERSION = YES;
				CLANG_WARN_OBJC_IMPLICIT_RETAIN_SELF = YES;
				CLANG_WARN_OBJC_LITERAL_CONVERSION = YES;
				CLANG_WARN_OBJC_ROOT_CLASS = YES_ERROR;
				CLANG_WARN_QUOTED_INCLUDE_IN_FRAMEWORK_HEADER = YES;
				CLANG_WARN_RANGE_LOOP_ANALYSIS = YES;
				CLANG_WARN_STRICT_PROTOTYPES = YES;
				CLANG_WARN_SUSPICIOUS_MOVE = YES;
				CLANG_WARN_UNGUARDED_AVAILABILITY = YES_AGGRESSIVE;
				CLANG_WARN_UNREACHABLE_CODE = YES;
				CLANG_WARN__DUPLICATE_METHOD_MATCH = YES;
				COPY_PHASE_STRIP = NO;
				DEBUG_INFORMATION_FORMAT = "dwarf-with-dsym";
				ENABLE_NS_ASSERTIONS = NO;
				ENABLE_STRICT_OBJC_MSGSEND = YES;
				GCC_C_LANGUAGE_STANDARD = gnu11;
				GCC_NO_COMMON_BLOCKS = YES;
				GCC_WARN_64_TO_32_BIT_CONVERSION = YES;
				GCC_WARN_ABOUT_RETURN_TYPE = YES_ERROR;
				GCC_WARN_UNDECLARED_SELECTOR = YES;
				GCC_WARN_UNINITIALIZED_AUTOS = YES_AGGRESSIVE;
				GCC_WARN_UNUSED_FUNCTION = YES;
				GCC_WARN_UNUSED_VARIABLE = YES;
				IPHONEOS_DEPLOYMENT_TARGET = 14.2;
				MTL_ENABLE_DEBUG_INFO = NO;
				MTL_FAST_MATH = YES;
				SDKROOT = iphoneos;
				SWIFT_COMPILATION_MODE = wholemodule;
				SWIFT_OPTIMIZATION_LEVEL = "-O";
				VALIDATE_PRODUCT = YES;
			};
			name = Release;
		};
		50AF892825E6099500D68459 /* Debug */ = {
			isa = XCBuildConfiguration;
			buildSettings = {
				ASSETCATALOG_COMPILER_APPICON_NAME = AppIcon;
				ASSETCATALOG_COMPILER_GLOBAL_ACCENT_COLOR_NAME = AccentColor;
				CODE_SIGN_STYLE = Automatic;
				DEVELOPMENT_TEAM = 5FWGPV25T8;
				INFOPLIST_FILE = Final/Info.plist;
				LD_RUNPATH_SEARCH_PATHS = (
					"$(inherited)",
					"@executable_path/Frameworks",
				);
				PRODUCT_BUNDLE_IDENTIFIER = none.Final;
				PRODUCT_NAME = "$(TARGET_NAME)";
				SWIFT_VERSION = 5.0;
				TARGETED_DEVICE_FAMILY = "1,2";
			};
			name = Debug;
		};
		50AF892925E6099500D68459 /* Release */ = {
			isa = XCBuildConfiguration;
			buildSettings = {
				ASSETCATALOG_COMPILER_APPICON_NAME = AppIcon;
				ASSETCATALOG_COMPILER_GLOBAL_ACCENT_COLOR_NAME = AccentColor;
				CODE_SIGN_STYLE = Automatic;
				DEVELOPMENT_TEAM = 5FWGPV25T8;
				INFOPLIST_FILE = Final/Info.plist;
				LD_RUNPATH_SEARCH_PATHS = (
					"$(inherited)",
					"@executable_path/Frameworks",
				);
				PRODUCT_BUNDLE_IDENTIFIER = none.Final;
				PRODUCT_NAME = "$(TARGET_NAME)";
				SWIFT_VERSION = 5.0;
				TARGETED_DEVICE_FAMILY = "1,2";
			};
			name = Release;
		};
/* End XCBuildConfiguration section */

/* Begin XCConfigurationList section */
		50AF890E25E6098B00D68459 /* Build configuration list for PBXProject "Final" */ = {
			isa = XCConfigurationList;
			buildConfigurations = (
				50AF892525E6099500D68459 /* Debug */,
				50AF892625E6099500D68459 /* Release */,
			);
			defaultConfigurationIsVisible = 0;
			defaultConfigurationName = Release;
		};
		50AF892725E6099500D68459 /* Build configuration list for PBXNativeTarget "Final" */ = {
			isa = XCConfigurationList;
			buildConfigurations = (
				50AF892825E6099500D68459 /* Debug */,
				50AF892925E6099500D68459 /* Release */,
			);
			defaultConfigurationIsVisible = 0;
			defaultConfigurationName = Release;
		};
/* End XCConfigurationList section */
	};
	rootObject = 50AF890B25E6098B00D68459 /* Project object */;
}
